// !$*UTF8*$!
{
	archiveVersion = 1;
	classes = {
	};
	objectVersion = 46;
	objects = {

/* Begin PBXBuildFile section */
		81676FB61EB3E29600AFC44A /* AppDelegate.swift in Sources */ = {isa = PBXBuildFile; fileRef = 81676FB51EB3E29600AFC44A /* AppDelegate.swift */; };
		81676FB81EB3E29600AFC44A /* PlacesViewController.swift in Sources */ = {isa = PBXBuildFile; fileRef = 81676FB71EB3E29600AFC44A /* PlacesViewController.swift */; };
		81676FBB1EB3E29600AFC44A /* Main.storyboard in Resources */ = {isa = PBXBuildFile; fileRef = 81676FB91EB3E29600AFC44A /* Main.storyboard */; };
		81676FBD1EB3E29600AFC44A /* Assets.xcassets in Resources */ = {isa = PBXBuildFile; fileRef = 81676FBC1EB3E29600AFC44A /* Assets.xcassets */; };
		81676FC01EB3E29600AFC44A /* LaunchScreen.storyboard in Resources */ = {isa = PBXBuildFile; fileRef = 81676FBE1EB3E29600AFC44A /* LaunchScreen.storyboard */; };
		81676FC81EB3F1D500AFC44A /* MapViewController.swift in Sources */ = {isa = PBXBuildFile; fileRef = 81676FC71EB3F1D500AFC44A /* MapViewController.swift */; };
		81844D351EB654E600E81C71 /* CoreLocation.framework in Frameworks */ = {isa = PBXBuildFile; fileRef = 81844D341EB654E600E81C71 /* CoreLocation.framework */; };
/* End PBXBuildFile section */

/* Begin PBXFileReference section */
		81676FB21EB3E29600AFC44A /* Memorable Places.app */ = {isa = PBXFileReference; explicitFileType = wrapper.application; includeInIndex = 0; path = "Memorable Places.app"; sourceTree = BUILT_PRODUCTS_DIR; };
		81676FB51EB3E29600AFC44A /* AppDelegate.swift */ = {isa = PBXFileReference; lastKnownFileType = sourcecode.swift; path = AppDelegate.swift; sourceTree = "<group>"; };
		81676FB71EB3E29600AFC44A /* PlacesViewController.swift */ = {isa = PBXFileReference; lastKnownFileType = sourcecode.swift; path = PlacesViewController.swift; sourceTree = "<group>"; };
		81676FBA1EB3E29600AFC44A /* Base */ = {isa = PBXFileReference; lastKnownFileType = file.storyboard; name = Base; path = Base.lproj/Main.storyboard; sourceTree = "<group>"; };
		81676FBC1EB3E29600AFC44A /* Assets.xcassets */ = {isa = PBXFileReference; lastKnownFileType = folder.assetcatalog; path = Assets.xcassets; sourceTree = "<group>"; };
		81676FBF1EB3E29600AFC44A /* Base */ = {isa = PBXFileReference; lastKnownFileType = file.storyboard; name = Base; path = Base.lproj/LaunchScreen.storyboard; sourceTree = "<group>"; };
		81676FC11EB3E29600AFC44A /* Info.plist */ = {isa = PBXFileReference; lastKnownFileType = text.plist.xml; path = Info.plist; sourceTree = "<group>"; };
		81676FC71EB3F1D500AFC44A /* MapViewController.swift */ = {isa = PBXFileReference; fileEncoding = 4; lastKnownFileType = sourcecode.swift; path = MapViewController.swift; sourceTree = "<group>"; };
		81844D341EB654E600E81C71 /* CoreLocation.framework */ = {isa = PBXFileReference; lastKnownFileType = wrapper.framework; name = CoreLocation.framework; path = System/Library/Frameworks/CoreLocation.framework; sourceTree = SDKROOT; };
/* End PBXFileReference section */

/* Begin PBXFrameworksBuildPhase section */
		81676FAF1EB3E29600AFC44A /* Frameworks */ = {
			isa = PBXFrameworksBuildPhase;
			buildActionMask = 2147483647;
			files = (
				81844D351EB654E600E81C71 /* CoreLocation.framework in Frameworks */,
			);
			runOnlyForDeploymentPostprocessing = 0;
		};
/* End PBXFrameworksBuildPhase section */

/* Begin PBXGroup section */
		81676FA91EB3E29600AFC44A = {
			isa = PBXGroup;
			children = (
				81676FB41EB3E29600AFC44A /* Memorable Places */,
				81676FB31EB3E29600AFC44A /* Products */,
				81844D331EB654E600E81C71 /* Frameworks */,
			);
			sourceTree = "<group>";
		};
		81676FB31EB3E29600AFC44A /* Products */ = {
			isa = PBXGroup;
			children = (
				81676FB21EB3E29600AFC44A /* Memorable Places.app */,
			);
			name = Products;
			sourceTree = "<group>";
		};
		81676FB41EB3E29600AFC44A /* Memorable Places */ = {
			isa = PBXGroup;
			children = (
				81676FB51EB3E29600AFC44A /* AppDelegate.swift */,
				81676FB71EB3E29600AFC44A /* PlacesViewController.swift */,
				81676FB91EB3E29600AFC44A /* Main.storyboard */,
				81676FBC1EB3E29600AFC44A /* Assets.xcassets */,
				81676FBE1EB3E29600AFC44A /* LaunchScreen.storyboard */,
				81676FC11EB3E29600AFC44A /* Info.plist */,
				81676FC71EB3F1D500AFC44A /* MapViewController.swift */,
			);
			path = "Memorable Places";
			sourceTree = "<group>";
		};
		81844D331EB654E600E81C71 /* Frameworks */ = {
			isa = PBXGroup;
			children = (
				81844D341EB654E600E81C71 /* CoreLocation.framework */,
			);
			name = Frameworks;
			sourceTree = "<group>";
		};
/* End PBXGroup section */

/* Begin PBXNativeTarget section */
		81676FB11EB3E29600AFC44A /* Memorable Places */ = {
			isa = PBXNativeTarget;
			buildConfigurationList = 81676FC41EB3E29600AFC44A /* Build configuration list for PBXNativeTarget "Memorable Places" */;
			buildPhases = (
				81676FAE1EB3E29600AFC44A /* Sources */,
				81676FAF1EB3E29600AFC44A /* Frameworks */,
				81676FB01EB3E29600AFC44A /* Resources */,
			);
			buildRules = (
			);
			dependencies = (
			);
			name = "Memorable Places";
			productName = "Memorable Places";
			productReference = 81676FB21EB3E29600AFC44A /* Memorable Places.app */;
			productType = "com.apple.product-type.application";
		};
/* End PBXNativeTarget section */

/* Begin PBXProject section */
		81676FAA1EB3E29600AFC44A /* Project object */ = {
			isa = PBXProject;
			attributes = {
				LastSwiftUpdateCheck = 0830;
				LastUpgradeCheck = 0830;
				ORGANIZATIONNAME = eliamyro;
				TargetAttributes = {
					81676FB11EB3E29600AFC44A = {
						CreatedOnToolsVersion = 8.3.2;
						ProvisioningStyle = Automatic;
					};
				};
			};
			buildConfigurationList = 81676FAD1EB3E29600AFC44A /* Build configuration list for PBXProject "Memorable Places" */;
			compatibilityVersion = "Xcode 3.2";
			developmentRegion = English;
			hasScannedForEncodings = 0;
			knownRegions = (
				en,
				Base,
			);
			mainGroup = 81676FA91EB3E29600AFC44A;
			productRefGroup = 81676FB31EB3E29600AFC44A /* Products */;
			projectDirPath = "";
			projectRoot = "";
			targets = (
				81676FB11EB3E29600AFC44A /* Memorable Places */,
			);
		};
/* End PBXProject section */

/* Begin PBXResourcesBuildPhase section */
		81676FB01EB3E29600AFC44A /* Resources */ = {
			isa = PBXResourcesBuildPhase;
			buildActionMask = 2147483647;
			files = (
				81676FC01EB3E29600AFC44A /* LaunchScreen.storyboard in Resources */,
				81676FBD1EB3E29600AFC44A /* Assets.xcassets in Resources */,
				81676FBB1EB3E29600AFC44A /* Main.storyboard in Resources */,
			);
			runOnlyForDeploymentPostprocessing = 0;
		};
/* End PBXResourcesBuildPhase section */

/* Begin PBXSourcesBuildPhase section */
		81676FAE1EB3E29600AFC44A /* Sources */ = {
			isa = PBXSourcesBuildPhase;
			buildActionMask = 2147483647;
			files = (
				81676FB81EB3E29600AFC44A /* PlacesViewController.swift in Sources */,
				81676FC81EB3F1D500AFC44A /* MapViewController.swift in Sources */,
				81676FB61EB3E29600AFC44A /* AppDelegate.swift in Sources */,
			);
			runOnlyForDeploymentPostprocessing = 0;
		};
/* End PBXSourcesBuildPhase section */

/* Begin PBXVariantGroup section */
		81676FB91EB3E29600AFC44A /* Main.storyboard */ = {
			isa = PBXVariantGroup;
			children = (
				81676FBA1EB3E29600AFC44A /* Base */,
			);
			name = Main.storyboard;
			sourceTree = "<group>";
		};
		81676FBE1EB3E29600AFC44A /* LaunchScreen.storyboard */ = {
			isa = PBXVariantGroup;
			children = (
				81676FBF1EB3E29600AFC44A /* Base */,
			);
			name = LaunchScreen.storyboard;
			sourceTree = "<group>";
		};
/* End PBXVariantGroup section */

/* Begin XCBuildConfiguration section */
		81676FC21EB3E29600AFC44A /* Debug */ = {
			isa = XCBuildConfiguration;
			buildSettings = {
				ALWAYS_SEARCH_USER_PATHS = NO;
				CLANG_ANALYZER_NONNULL = YES;
				CLANG_ANALYZER_NUMBER_OBJECT_CONVERSION = YES_AGGRESSIVE;
				CLANG_CXX_LANGUAGE_STANDARD = "gnu++0x";
				CLANG_CXX_LIBRARY = "libc++";
				CLANG_ENABLE_MODULES = YES;
				CLANG_ENABLE_OBJC_ARC = YES;
				CLANG_WARN_BOOL_CONVERSION = YES;
				CLANG_WARN_CONSTANT_CONVERSION = YES;
				CLANG_WARN_DIRECT_OBJC_ISA_USAGE = YES_ERROR;
				CLANG_WARN_DOCUMENTATION_COMMENTS = YES;
				CLANG_WARN_EMPTY_BODY = YES;
				CLANG_WARN_ENUM_CONVERSION = YES;
				CLANG_WARN_INFINITE_RECURSION = YES;
				CLANG_WARN_INT_CONVERSION = YES;
				CLANG_WARN_OBJC_ROOT_CLASS = YES_ERROR;
				CLANG_WARN_SUSPICIOUS_MOVE = YES;
				CLANG_WARN_UNREACHABLE_CODE = YES;
				CLANG_WARN__DUPLICATE_METHOD_MATCH = YES;
				"CODE_SIGN_IDENTITY[sdk=iphoneos*]" = "iPhone Developer";
				COPY_PHASE_STRIP = NO;
				DEBUG_INFORMATION_FORMAT = dwarf;
				ENABLE_STRICT_OBJC_MSGSEND = YES;
				ENABLE_TESTABILITY = YES;
				GCC_C_LANGUAGE_STANDARD = gnu99;
				GCC_DYNAMIC_NO_PIC = NO;
				GCC_NO_COMMON_BLOCKS = YES;
				GCC_OPTIMIZATION_LEVEL = 0;
				GCC_PREPROCESSOR_DEFINITIONS = (
					"DEBUG=1",
					"$(inherited)",
				);
				GCC_WARN_64_TO_32_BIT_CONVERSION = YES;
				GCC_WARN_ABOUT_RETURN_TYPE = YES_ERROR;
				GCC_WARN_UNDECLARED_SELECTOR = YES;
				GCC_WARN_UNINITIALIZED_AUTOS = YES_AGGRESSIVE;
				GCC_WARN_UNUSED_FUNCTION = YES;
				GCC_WARN_UNUSED_VARIABLE = YES;
				IPHONEOS_DEPLOYMENT_TARGET = 10.3;
				MTL_ENABLE_DEBUG_INFO = YES;
				ONLY_ACTIVE_ARCH = YES;
				SDKROOT = iphoneos;
				SWIFT_ACTIVE_COMPILATION_CONDITIONS = DEBUG;
				SWIFT_OPTIMIZATION_LEVEL = "-Onone";
				TARGETED_DEVICE_FAMILY = "1,2";
			};
			name = Debug;
		};
		81676FC31EB3E29600AFC44A /* Release */ = {
			isa = XCBuildConfiguration;
			buildSettings = {
				ALWAYS_SEARCH_USER_PATHS = NO;
				CLANG_ANALYZER_NONNULL = YES;
				CLANG_ANALYZER_NUMBER_OBJECT_CONVERSION = YES_AGGRESSIVE;
				CLANG_CXX_LANGUAGE_STANDARD = "gnu++0x";
				CLANG_CXX_LIBRARY = "libc++";
				CLANG_ENABLE_MODULES = YES;
				CLANG_ENABLE_OBJC_ARC = YES;
				CLANG_WARN_BOOL_CONVERSION = YES;
				CLANG_WARN_CONSTANT_CONVERSION = YES;
				CLANG_WARN_DIRECT_OBJC_ISA_USAGE = YES_ERROR;
				CLANG_WARN_DOCUMENTATION_COMMENTS = YES;
				CLANG_WARN_EMPTY_BODY = YES;
				CLANG_WARN_ENUM_CONVERSION = YES;
				CLANG_WARN_INFINITE_RECURSION = YES;
				CLANG_WARN_INT_CONVERSION = YES;
				CLANG_WARN_OBJC_ROOT_CLASS = YES_ERROR;
				CLANG_WARN_SUSPICIOUS_MOVE = YES;
				CLANG_WARN_UNREACHABLE_CODE = YES;
				CLANG_WARN__DUPLICATE_METHOD_MATCH = YES;
				"CODE_SIGN_IDENTITY[sdk=iphoneos*]" = "iPhone Developer";
				COPY_PHASE_STRIP = NO;
				DEBUG_INFORMATION_FORMAT = "dwarf-with-dsym";
				ENABLE_NS_ASSERTIONS = NO;
				ENABLE_STRICT_OBJC_MSGSEND = YES;
				GCC_C_LANGUAGE_STANDARD = gnu99;
				GCC_NO_COMMON_BLOCKS = YES;
				GCC_WARN_64_TO_32_BIT_CONVERSION = YES;
				GCC_WARN_ABOUT_RETURN_TYPE = YES_ERROR;
				GCC_WARN_UNDECLARED_SELECTOR = YES;
				GCC_WARN_UNINITIALIZED_AUTOS = YES_AGGRESSIVE;
				GCC_WARN_UNUSED_FUNCTION = YES;
				GCC_WARN_UNUSED_VARIABLE = YES;
				IPHONEOS_DEPLOYMENT_TARGET = 10.3;
				MTL_ENABLE_DEBUG_INFO = NO;
				SDKROOT = iphoneos;
				SWIFT_OPTIMIZATION_LEVEL = "-Owholemodule";
				TARGETED_DEVICE_FAMILY = "1,2";
				VALIDATE_PRODUCT = YES;
			};
			name = Release;
		};
		81676FC51EB3E29600AFC44A /* Debug */ = {
			isa = XCBuildConfiguration;
			buildSettings = {
				ASSETCATALOG_COMPILER_APPICON_NAME = AppIcon;
				INFOPLIST_FILE = "Memorable Places/Info.plist";
				LD_RUNPATH_SEARCH_PATHS = "$(inherited) @executable_path/Frameworks";
				PRODUCT_BUNDLE_IDENTIFIER = "com.eliamyro.Memorable-Places";
				PRODUCT_NAME = "$(TARGET_NAME)";
				SWIFT_VERSION = 3.0;
			};
			name = Debug;
		};
		81676FC61EB3E29600AFC44A /* Release */ = {
			isa = XCBuildConfiguration;
			buildSettings = {
				ASSETCATALOG_COMPILER_APPICON_NAME = AppIcon;
				INFOPLIST_FILE = "Memorable Places/Info.plist";
				LD_RUNPATH_SEARCH_PATHS = "$(inherited) @executable_path/Frameworks";
				PRODUCT_BUNDLE_IDENTIFIER = "com.eliamyro.Memorable-Places";
				PRODUCT_NAME = "$(TARGET_NAME)";
				SWIFT_VERSION = 3.0;
			};
			name = Release;
		};
/* End XCBuildConfiguration section */

/* Begin XCConfigurationList section */
		81676FAD1EB3E29600AFC44A /* Build configuration list for PBXProject "Memorable Places" */ = {
			isa = XCConfigurationList;
			buildConfigurations = (
				81676FC21EB3E29600AFC44A /* Debug */,
				81676FC31EB3E29600AFC44A /* Release */,
			);
			defaultConfigurationIsVisible = 0;
			defaultConfigurationName = Release;
		};
		81676FC41EB3E29600AFC44A /* Build configuration list for PBXNativeTarget "Memorable Places" */ = {
			isa = XCConfigurationList;
			buildConfigurations = (
				81676FC51EB3E29600AFC44A /* Debug */,
				81676FC61EB3E29600AFC44A /* Release */,
			);
			defaultConfigurationIsVisible = 0;
			defaultConfigurationName = Release;
		};
/* End XCConfigurationList section */
	};
	rootObject = 81676FAA1EB3E29600AFC44A /* Project object */;
}
